
Microsoft Visual Studio Solution File, Format Version 12.00
# Visual Studio Version 17
VisualStudioVersion = 17.14.36414.22
MinimumVisualStudioVersion = 10.0.40219.1
Project("{FAE04EC0-301F-11D3-BF4B-00C04F79EFBC}") = "DtabaseFirst", "DtabaseFirst\DtabaseFirst.csproj", "{CA495AC6-A114-4D10-B066-3FB98B6D9704}"
EndProject
Project("{FAE04EC0-301F-11D3-BF4B-00C04F79EFBC}") = "02.09 Вступ EF CORE", "02.09 Вступ EF CORE\02.09 Вступ EF CORE.csproj", "{00D86FCB-EA47-29E2-CA7E-AFC95BC26A5C}"
EndProject
Global
	GlobalSection(SolutionConfigurationPlatforms) = preSolution
		Debug|Any CPU = Debug|Any CPU
		Release|Any CPU = Release|Any CPU
	EndGlobalSection
	GlobalSection(ProjectConfigurationPlatforms) = postSolution
		{CA495AC6-A114-4D10-B066-3FB98B6D9704}.Debug|Any CPU.ActiveCfg = Debug|Any CPU
		{CA495AC6-A114-4D10-B066-3FB98B6D9704}.Debug|Any CPU.Build.0 = Debug|Any CPU
		{CA495AC6-A114-4D10-B066-3FB98B6D9704}.Release|Any CPU.ActiveCfg = Release|Any CPU
		{CA495AC6-A114-4D10-B066-3FB98B6D9704}.Release|Any CPU.Build.0 = Release|Any CPU
		{00D86FCB-EA47-29E2-CA7E-AFC95BC26A5C}.Debug|Any CPU.ActiveCfg = Debug|Any CPU
		{00D86FCB-EA47-29E2-CA7E-AFC95BC26A5C}.Debug|Any CPU.Build.0 = Debug|Any CPU
		{00D86FCB-EA47-29E2-CA7E-AFC95BC26A5C}.Release|Any CPU.ActiveCfg = Release|Any CPU
		{00D86FCB-EA47-29E2-CA7E-AFC95BC26A5C}.Release|Any CPU.Build.0 = Release|Any CPU
	EndGlobalSection
	GlobalSection(SolutionProperties) = preSolution
		HideSolutionNode = FALSE
	EndGlobalSection
	GlobalSection(ExtensibilityGlobals) = postSolution
		SolutionGuid = {06FAB36A-6A57-4864-A9CD-5A4C54281D5D}
	EndGlobalSection
EndGlobal
